# THIS IS AN AUTOGENERATED FILE. DO NOT EDIT THIS FILE DIRECTLY.
# yarn lockfile v1


"@tanstack/history@1.115.0":
  version "1.115.0"
  resolved "https://registry.npmjs.org/@tanstack/history/-/history-1.115.0.tgz"
  integrity sha512-K7JJNrRVvyjAVnbXOH2XLRhFXDkeP54Kt2P4FR1Kl2KDGlIbkua5VqZQD2rot3qaDrpufyUa63nuLai1kOLTsQ==

"@tanstack/react-router@^1.120.12":
  version "1.120.12"
  resolved "https://registry.npmjs.org/@tanstack/react-router/-/react-router-1.120.12.tgz"
  integrity sha512-NjwSfrEIwKsZsfibH6j4A43YqV6CMtCu2pvwBd4qXyUrLeeOlItffiRXX5Bq4E4ZiohULIhlL8PooCy2rHMpMw==
  dependencies:
    "@tanstack/history" "1.115.0"
    "@tanstack/react-store" "^0.7.0"
    "@tanstack/router-core" "1.120.10"
    jsesc "^3.1.0"
    tiny-invariant "^1.3.3"
    tiny-warning "^1.0.3"

"@tanstack/react-store@^0.7.0":
  version "0.7.1"
  resolved "https://registry.npmjs.org/@tanstack/react-store/-/react-store-0.7.1.tgz"
  integrity sha512-qUTEKdId6QPWGiWyKAPf/gkN29scEsz6EUSJ0C3HgLMgaqTAyBsQ2sMCfGVcqb+kkhEXAdjleCgH6LAPD6f2sA==
  dependencies:
    "@tanstack/store" "0.7.1"
    use-sync-external-store "^1.5.0"

"@tanstack/router-core@1.120.10":
  version "1.120.10"
  resolved "https://registry.npmjs.org/@tanstack/router-core/-/router-core-1.120.10.tgz"
  integrity sha512-AmEJAYt+6w/790zTnfddVhnK1QJCnd96H4xg1aD65Oohc8+OTQBxgWky/wzqwhHRdkdsBgRT7iWac9x5Y8UrQA==
  dependencies:
    "@tanstack/history" "1.115.0"
    "@tanstack/store" "^0.7.0"
    tiny-invariant "^1.3.3"

"@tanstack/store@^0.7.0", "@tanstack/store@0.7.1":
  version "0.7.1"
  resolved "https://registry.npmjs.org/@tanstack/store/-/store-0.7.1.tgz"
  integrity sha512-PjUQKXEXhLYj2X5/6c1Xn/0/qKY0IVFxTJweopRfF26xfjVyb14yALydJrHupDh3/d+1WKmfEgZPBVCmDkzzwg==

jsesc@^3.1.0:
  version "3.1.0"
  resolved "https://registry.npmjs.org/jsesc/-/jsesc-3.1.0.tgz"
  integrity sha512-/sM3dO2FOzXjKQhJuo0Q173wf2KOo8t4I8vHy6lF9poUp7bKT0/NHE8fPX23PwfhnykfqnC2xRxOnVw5XuGIaA==

"react-dom@^16.8.0 || ^17.0.0 || ^18.0.0 || ^19.0.0", "react-dom@>=18.0.0 || >=19.0.0":
  version "19.1.0"
  resolved "https://registry.npmjs.org/react-dom/-/react-dom-19.1.0.tgz"
  integrity sha512-Xs1hdnE+DyKgeHJeJznQmYMIBG3TKIHJJT95Q58nHLSrElKlGQqDTR2HQ9fx5CN/Gk6Vh/kupBTDLU11/nDk/g==
  dependencies:
    scheduler "^0.26.0"

"react@^16.8.0 || ^17.0.0 || ^18.0.0 || ^19.0.0", react@^19.1.0, "react@>=18.0.0 || >=19.0.0":
  version "19.1.0"
  resolved "https://registry.npmjs.org/react/-/react-19.1.0.tgz"
  integrity sha512-FS+XFBNvn3GTAWq26joslQgWNoFu08F4kl0J4CgdNKADkdSGXQyTCnKteIAJy96Br6YbpEU1LSzV5dYtjMkMDg==

scheduler@^0.26.0:
  version "0.26.0"
  resolved "https://registry.npmjs.org/scheduler/-/scheduler-0.26.0.tgz"
  integrity sha512-NlHwttCI/l5gCPR3D1nNXtWABUmBwvZpEQiD4IXSbIDq8BzLIK/7Ir5gTFSGZDUu37K5cMNp0hFtzO38sC7gWA==

tiny-invariant@^1.3.3:
  version "1.3.3"
  resolved "https://registry.npmjs.org/tiny-invariant/-/tiny-invariant-1.3.3.tgz"
  integrity sha512-+FbBPE1o9QAYvviau/qC5SE3caw21q3xkvWKBtja5vgqOWIHHJ3ioaq1VPfn/Szqctz2bU/oYeKd9/z5BL+PVg==

tiny-warning@^1.0.3:
  version "1.0.3"
  resolved "https://registry.npmjs.org/tiny-warning/-/tiny-warning-1.0.3.tgz"
  integrity sha512-lBN9zLN/oAf68o3zNXYrdCt1kP8WsiGW8Oo2ka41b2IM5JL/S1CTyX1rW0mb/zSuJun0ZUrDxx4sqvYS2FWzPA==

use-sync-external-store@^1.5.0:
  version "1.5.0"
  resolved "https://registry.npmjs.org/use-sync-external-store/-/use-sync-external-store-1.5.0.tgz"
  integrity sha512-Rb46I4cGGVBmjamjphe8L/UnvJD+uPPtTkNvX5mZgqdbavhI4EbgIWJiIHXJ8bc/i9EQGPRh4DwEURJ552Do0A==
